{
  "name": "sgroup-blog-app",
  "lockfileVersion": 3,
  "requires": true,
  "packages": {
    "": {
      "devDependencies": {
        "@types/inversify": "^2.0.32"
      }
    },
    "node_modules/@types/bluebird": {
      "version": "3.5.42",
      "resolved": "https://registry.npmjs.org/@types/bluebird/-/bluebird-3.5.42.tgz",
      "integrity": "sha512-Jhy+MWRlro6UjVi578V/4ZGNfeCOcNCp0YaFNIUGFKlImowqwb1O/22wDVk3FDGMLqxdpOV3qQHD5fPEH4hK6A==",
      "dev": true,
      "license": "MIT"
    },
    "node_modules/@types/inversify": {
      "version": "2.0.32",
      "resolved": "https://registry.npmjs.org/@types/inversify/-/inversify-2.0.32.tgz",
      "integrity": "sha512-u0sMxqns6cTDKw6ym67RaDBoM/iDdOpZ2xpNePnC+hzjeV7gjn7bWT3/YKdKHDra1C5f2O6Jh+X5mHuMBJqChw==",
      "dev": true,
      "license": "MIT",
      "dependencies": {
        "@types/bluebird": "*"
      }
    }
  }
}
